{
  "version": 4,
  "terraform_version": "1.9.8",
  "serial": 71,
  "lineage": "6c8b4be7-2c85-31e1-dca1-6821c6aa63bf",
  "outputs": {
    "agent_names": {
      "value": [
        "rke2-agent-1",
        "rke2-agent-2"
      ],
      "type": [
        "tuple",
        [
          "string",
          "string"
        ]
      ]
    },
    "node_ips": {
      "value": {
        "rke2-agent-1": "10.17.3.143",
        "rke2-agent-2": "10.17.3.217",
        "rke2-server-1": "10.17.3.64"
      },
      "type": [
        "object",
        {
          "rke2-agent-1": "string",
          "rke2-agent-2": "string",
          "rke2-server-1": "string"
        }
      ]
    },
    "server_names": {
      "value": [
        "rke2-server-1"
      ],
      "type": [
        "tuple",
        [
          "string"
        ]
      ]
    }
  },
  "resources": [
    {
      "mode": "managed",
      "type": "libvirt_cloudinit_disk",
      "name": "init",
      "provider": "provider[\"registry.terraform.io/dmacvicar/libvirt\"]",
      "instances": [
        {
          "index_key": "rke2-agent-1",
          "schema_version": 0,
          "attributes": {
            "id": "/var/lib/libvirt/images/rke2-agent-1-cloudinit.iso;572fd52c-7ebf-4054-9ff8-1e7e6ac0fa8d",
            "meta_data": "",
            "name": "rke2-agent-1-cloudinit.iso",
            "network_config": "",
            "pool": "default",
            "user_data": "#cloud-config\nhostname: rke2-agent-1\nfqdn: rke2-agent-1\nmanage_etc_hosts: true\n\nusers:\n  - name: ubuntu\n    groups: sudo\n    sudo: ALL=(ALL) NOPASSWD:ALL\n    shell: /bin/bash\n    ssh_authorized_keys:\n      - ssh-rsa AAAAB3NzaC1yc2EAAAADAQABAAACAQC3rOMUZbV0+h3jn4YDWrQ2lqwm984NRQQvVGyrQJftQTwOF1YUTra+n6tKRTDcUkFu1OuVlxVMvShGW1jCirCONpmDaBvsdnvIUWzud8y4H04nwEjBgriTxSRo1stH1FGFjzQiTLuWHgIGkWUZmEVW6vxWLNv9d+mTQch4WInuhwD1xgoUQFP8232Ds6xpVMQY1C/403wzichZDcGhhd0ZExfZap1tbjGHI3wOtpHt3+7gXHvg0I8iDQorbOr9rJwEGBvyqMRjloVwBguM9uvA0GIhahrK2a2iiNcWs3KWodkx82iL+osG1/uBkKmK7UTy/P+niymblQfvAA1yAE4434uSoCzO2M51rSLcYfbV0UdPKTNCi+pMw8teOUhywjSVlY8nR1s6s3Ngy+PdGXqa8HR1Rr1/Mh1t4E4+10FynJ/Bvn9byEQDxm5KkpIWgzD2XNePD76ORldz0chjI2uM278eNiHXf4/Yer4jYv484EG7t62Lr2MYTXAvQNiRmc2EPXN+sL8GjuiLY94BWBFTWZCOFRQFxe7ahT8U0Lnk1RcVA6JnzLgdbU7oT8luJa37Ho8GCSquSGJuPmkSSp1aLqOZyMAe12ASUJrg5HgqPCm0BE/SadCq5MLczC1EKhs+teGyegA47SwO4IVC1YhkZsabs9BulRNQSqRmZRxD4w== grace.harris@rke2-lab\n\nssh_pwauth: false\ndisable_root: true\n\npackage_update: true\npackage_upgrade: false\npackages:\n  - qemu-guest-agent\n  - curl\n  - tar\n  - iptables\n\n# growpart/resizefs run automatically as default cloud-init modules on\n# Ubuntu's cloud image, so the root filesystem expands to fill the disk\n# without any extra runcmd steps.\n\nruncmd:\n  - systemctl enable --now qemu-guest-agent\n  - swapoff -a\n  - modprobe br_netfilter\n  - modprobe overlay\n  - echo \"net.bridge.bridge-nf-call-iptables = 1\" \u003e\u003e /etc/sysctl.d/99-kubernetes.conf\n  - echo \"net.ipv4.ip_forward = 1\" \u003e\u003e /etc/sysctl.d/99-kubernetes.conf\n  - sysctl --system\n"
          },
          "sensitive_attributes": [],
          "private": "bnVsbA=="
        },
        {
          "index_key": "rke2-agent-2",
          "schema_version": 0,
          "attributes": {
            "id": "/var/lib/libvirt/images/rke2-agent-2-cloudinit.iso;ec6bc67d-b1ab-4109-bd6a-7c73cf83984e",
            "meta_data": "",
            "name": "rke2-agent-2-cloudinit.iso",
            "network_config": "",
            "pool": "default",
            "user_data": "#cloud-config\nhostname: rke2-agent-2\nfqdn: rke2-agent-2\nmanage_etc_hosts: true\n\nusers:\n  - name: ubuntu\n    groups: sudo\n    sudo: ALL=(ALL) NOPASSWD:ALL\n    shell: /bin/bash\n    ssh_authorized_keys:\n      - ssh-rsa AAAAB3NzaC1yc2EAAAADAQABAAACAQC3rOMUZbV0+h3jn4YDWrQ2lqwm984NRQQvVGyrQJftQTwOF1YUTra+n6tKRTDcUkFu1OuVlxVMvShGW1jCirCONpmDaBvsdnvIUWzud8y4H04nwEjBgriTxSRo1stH1FGFjzQiTLuWHgIGkWUZmEVW6vxWLNv9d+mTQch4WInuhwD1xgoUQFP8232Ds6xpVMQY1C/403wzichZDcGhhd0ZExfZap1tbjGHI3wOtpHt3+7gXHvg0I8iDQorbOr9rJwEGBvyqMRjloVwBguM9uvA0GIhahrK2a2iiNcWs3KWodkx82iL+osG1/uBkKmK7UTy/P+niymblQfvAA1yAE4434uSoCzO2M51rSLcYfbV0UdPKTNCi+pMw8teOUhywjSVlY8nR1s6s3Ngy+PdGXqa8HR1Rr1/Mh1t4E4+10FynJ/Bvn9byEQDxm5KkpIWgzD2XNePD76ORldz0chjI2uM278eNiHXf4/Yer4jYv484EG7t62Lr2MYTXAvQNiRmc2EPXN+sL8GjuiLY94BWBFTWZCOFRQFxe7ahT8U0Lnk1RcVA6JnzLgdbU7oT8luJa37Ho8GCSquSGJuPmkSSp1aLqOZyMAe12ASUJrg5HgqPCm0BE/SadCq5MLczC1EKhs+teGyegA47SwO4IVC1YhkZsabs9BulRNQSqRmZRxD4w== grace.harris@rke2-lab\n\nssh_pwauth: false\ndisable_root: true\n\npackage_update: true\npackage_upgrade: false\npackages:\n  - qemu-guest-agent\n  - curl\n  - tar\n  - iptables\n\n# growpart/resizefs run automatically as default cloud-init modules on\n# Ubuntu's cloud image, so the root filesystem expands to fill the disk\n# without any extra runcmd steps.\n\nruncmd:\n  - systemctl enable --now qemu-guest-agent\n  - swapoff -a\n  - modprobe br_netfilter\n  - modprobe overlay\n  - echo \"net.bridge.bridge-nf-call-iptables = 1\" \u003e\u003e /etc/sysctl.d/99-kubernetes.conf\n  - echo \"net.ipv4.ip_forward = 1\" \u003e\u003e /etc/sysctl.d/99-kubernetes.conf\n  - sysctl --system\n"
          },
          "sensitive_attributes": [],
          "private": "bnVsbA=="
        },
        {
          "index_key": "rke2-server-1",
          "schema_version": 0,
          "attributes": {
            "id": "/var/lib/libvirt/images/rke2-server-1-cloudinit.iso;2be7f004-0a5e-4bc6-baeb-e241467ed869",
            "meta_data": "",
            "name": "rke2-server-1-cloudinit.iso",
            "network_config": "",
            "pool": "default",
            "user_data": "#cloud-config\nhostname: rke2-server-1\nfqdn: rke2-server-1\nmanage_etc_hosts: true\n\nusers:\n  - name: ubuntu\n    groups: sudo\n    sudo: ALL=(ALL) NOPASSWD:ALL\n    shell: /bin/bash\n    ssh_authorized_keys:\n      - ssh-rsa AAAAB3NzaC1yc2EAAAADAQABAAACAQC3rOMUZbV0+h3jn4YDWrQ2lqwm984NRQQvVGyrQJftQTwOF1YUTra+n6tKRTDcUkFu1OuVlxVMvShGW1jCirCONpmDaBvsdnvIUWzud8y4H04nwEjBgriTxSRo1stH1FGFjzQiTLuWHgIGkWUZmEVW6vxWLNv9d+mTQch4WInuhwD1xgoUQFP8232Ds6xpVMQY1C/403wzichZDcGhhd0ZExfZap1tbjGHI3wOtpHt3+7gXHvg0I8iDQorbOr9rJwEGBvyqMRjloVwBguM9uvA0GIhahrK2a2iiNcWs3KWodkx82iL+osG1/uBkKmK7UTy/P+niymblQfvAA1yAE4434uSoCzO2M51rSLcYfbV0UdPKTNCi+pMw8teOUhywjSVlY8nR1s6s3Ngy+PdGXqa8HR1Rr1/Mh1t4E4+10FynJ/Bvn9byEQDxm5KkpIWgzD2XNePD76ORldz0chjI2uM278eNiHXf4/Yer4jYv484EG7t62Lr2MYTXAvQNiRmc2EPXN+sL8GjuiLY94BWBFTWZCOFRQFxe7ahT8U0Lnk1RcVA6JnzLgdbU7oT8luJa37Ho8GCSquSGJuPmkSSp1aLqOZyMAe12ASUJrg5HgqPCm0BE/SadCq5MLczC1EKhs+teGyegA47SwO4IVC1YhkZsabs9BulRNQSqRmZRxD4w== grace.harris@rke2-lab\n\nssh_pwauth: false\ndisable_root: true\n\npackage_update: true\npackage_upgrade: false\npackages:\n  - qemu-guest-agent\n  - curl\n  - tar\n  - iptables\n\n# growpart/resizefs run automatically as default cloud-init modules on\n# Ubuntu's cloud image, so the root filesystem expands to fill the disk\n# without any extra runcmd steps.\n\nruncmd:\n  - systemctl enable --now qemu-guest-agent\n  - swapoff -a\n  - modprobe br_netfilter\n  - modprobe overlay\n  - echo \"net.bridge.bridge-nf-call-iptables = 1\" \u003e\u003e /etc/sysctl.d/99-kubernetes.conf\n  - echo \"net.ipv4.ip_forward = 1\" \u003e\u003e /etc/sysctl.d/99-kubernetes.conf\n  - sysctl --system\n"
          },
          "sensitive_attributes": [],
          "private": "bnVsbA=="
        }
      ]
    },
    {
      "mode": "managed",
      "type": "libvirt_domain",
      "name": "node",
      "provider": "provider[\"registry.terraform.io/dmacvicar/libvirt\"]",
      "instances": [
        {
          "index_key": "rke2-agent-1",
          "schema_version": 0,
          "attributes": {
            "arch": "x86_64",
            "autostart": false,
            "boot_device": [],
            "cloudinit": "/var/lib/libvirt/images/rke2-agent-1-cloudinit.iso;572fd52c-7ebf-4054-9ff8-1e7e6ac0fa8d",
            "cmdline": null,
            "console": [
              {
                "source_host": "127.0.0.1",
                "source_path": "",
                "source_service": "0",
                "target_port": "0",
                "target_type": "serial",
                "type": "pty"
              }
            ],
            "coreos_ignition": null,
            "cpu": [
              {
                "mode": "custom"
              }
            ],
            "description": "",
            "disk": [
              {
                "block_device": "",
                "file": "",
                "scsi": false,
                "url": "",
                "volume_id": "/var/lib/libvirt/images/rke2-agent-1.qcow2",
                "wwn": ""
              }
            ],
            "emulator": "/usr/libexec/qemu-kvm",
            "filesystem": [],
            "firmware": null,
            "fw_cfg_name": "opt/com.coreos/config",
            "graphics": [
              {
                "autoport": true,
                "listen_address": "127.0.0.1",
                "listen_type": "address",
                "type": "vnc",
                "websocket": 0
              }
            ],
            "id": "e778c302-f650-4425-bb6e-5caf5a9268d2",
            "initrd": "",
            "kernel": "",
            "machine": "pc",
            "memory": 8192,
            "metadata": null,
            "name": "rke2-agent-1",
            "network_interface": [
              {
                "addresses": [
                  "10.17.3.143"
                ],
                "bridge": "",
                "hostname": "",
                "mac": "52:54:00:DA:23:72",
                "macvtap": "",
                "network_id": "2af2300a-37ec-4cbf-b0cc-d26dda94d548",
                "network_name": "rke2-lab-net",
                "passthrough": "",
                "private": "",
                "vepa": "",
                "wait_for_lease": true
              }
            ],
            "nvram": null,
            "qemu_agent": false,
            "running": true,
            "timeouts": null,
            "tpm": [],
            "type": "kvm",
            "vcpu": 4,
            "video": [],
            "xml": []
          },
          "sensitive_attributes": [],
          "private": "eyJlMmJmYjczMC1lY2FhLTExZTYtOGY4OC0zNDM2M2JjN2M0YzAiOnsiY3JlYXRlIjozMDAwMDAwMDAwMDB9fQ==",
          "dependencies": [
            "libvirt_cloudinit_disk.init",
            "libvirt_volume.node_disk",
            "libvirt_volume.os_base"
          ]
        },
        {
          "index_key": "rke2-agent-2",
          "schema_version": 0,
          "attributes": {
            "arch": "x86_64",
            "autostart": false,
            "boot_device": [],
            "cloudinit": "/var/lib/libvirt/images/rke2-agent-2-cloudinit.iso;ec6bc67d-b1ab-4109-bd6a-7c73cf83984e",
            "cmdline": null,
            "console": [
              {
                "source_host": "127.0.0.1",
                "source_path": "",
                "source_service": "0",
                "target_port": "0",
                "target_type": "serial",
                "type": "pty"
              }
            ],
            "coreos_ignition": null,
            "cpu": [
              {
                "mode": "custom"
              }
            ],
            "description": "",
            "disk": [
              {
                "block_device": "",
                "file": "",
                "scsi": false,
                "url": "",
                "volume_id": "/var/lib/libvirt/images/rke2-agent-2.qcow2",
                "wwn": ""
              }
            ],
            "emulator": "/usr/libexec/qemu-kvm",
            "filesystem": [],
            "firmware": null,
            "fw_cfg_name": "opt/com.coreos/config",
            "graphics": [
              {
                "autoport": true,
                "listen_address": "127.0.0.1",
                "listen_type": "address",
                "type": "vnc",
                "websocket": 0
              }
            ],
            "id": "4d29fad7-5f7a-419b-a404-5d8387dae364",
            "initrd": "",
            "kernel": "",
            "machine": "pc",
            "memory": 8192,
            "metadata": null,
            "name": "rke2-agent-2",
            "network_interface": [
              {
                "addresses": [
                  "10.17.3.217"
                ],
                "bridge": "",
                "hostname": "",
                "mac": "52:54:00:EA:D8:82",
                "macvtap": "",
                "network_id": "2af2300a-37ec-4cbf-b0cc-d26dda94d548",
                "network_name": "rke2-lab-net",
                "passthrough": "",
                "private": "",
                "vepa": "",
                "wait_for_lease": true
              }
            ],
            "nvram": null,
            "qemu_agent": false,
            "running": true,
            "timeouts": null,
            "tpm": [],
            "type": "kvm",
            "vcpu": 4,
            "video": [],
            "xml": []
          },
          "sensitive_attributes": [],
          "private": "eyJlMmJmYjczMC1lY2FhLTExZTYtOGY4OC0zNDM2M2JjN2M0YzAiOnsiY3JlYXRlIjozMDAwMDAwMDAwMDB9fQ==",
          "dependencies": [
            "libvirt_cloudinit_disk.init",
            "libvirt_volume.node_disk",
            "libvirt_volume.os_base"
          ]
        },
        {
          "index_key": "rke2-server-1",
          "schema_version": 0,
          "attributes": {
            "arch": "x86_64",
            "autostart": false,
            "boot_device": [],
            "cloudinit": "/var/lib/libvirt/images/rke2-server-1-cloudinit.iso;2be7f004-0a5e-4bc6-baeb-e241467ed869",
            "cmdline": null,
            "console": [
              {
                "source_host": "127.0.0.1",
                "source_path": "",
                "source_service": "0",
                "target_port": "0",
                "target_type": "serial",
                "type": "pty"
              }
            ],
            "coreos_ignition": null,
            "cpu": [
              {
                "mode": "custom"
              }
            ],
            "description": "",
            "disk": [
              {
                "block_device": "",
                "file": "",
                "scsi": false,
                "url": "",
                "volume_id": "/var/lib/libvirt/images/rke2-server-1.qcow2",
                "wwn": ""
              }
            ],
            "emulator": "/usr/libexec/qemu-kvm",
            "filesystem": [],
            "firmware": null,
            "fw_cfg_name": "opt/com.coreos/config",
            "graphics": [
              {
                "autoport": true,
                "listen_address": "127.0.0.1",
                "listen_type": "address",
                "type": "vnc",
                "websocket": 0
              }
            ],
            "id": "d463305e-6c8c-4f66-aacf-fe8b00863cbc",
            "initrd": "",
            "kernel": "",
            "machine": "pc",
            "memory": 4096,
            "metadata": null,
            "name": "rke2-server-1",
            "network_interface": [
              {
                "addresses": [
                  "10.17.3.64"
                ],
                "bridge": "",
                "hostname": "",
                "mac": "52:54:00:3E:A1:C9",
                "macvtap": "",
                "network_id": "2af2300a-37ec-4cbf-b0cc-d26dda94d548",
                "network_name": "rke2-lab-net",
                "passthrough": "",
                "private": "",
                "vepa": "",
                "wait_for_lease": true
              }
            ],
            "nvram": null,
            "qemu_agent": false,
            "running": true,
            "timeouts": null,
            "tpm": [],
            "type": "kvm",
            "vcpu": 2,
            "video": [],
            "xml": []
          },
          "sensitive_attributes": [],
          "private": "eyJlMmJmYjczMC1lY2FhLTExZTYtOGY4OC0zNDM2M2JjN2M0YzAiOnsiY3JlYXRlIjozMDAwMDAwMDAwMDB9fQ==",
          "dependencies": [
            "libvirt_cloudinit_disk.init",
            "libvirt_volume.node_disk",
            "libvirt_volume.os_base"
          ]
        }
      ]
    },
    {
      "mode": "managed",
      "type": "libvirt_volume",
      "name": "node_disk",
      "provider": "provider[\"registry.terraform.io/dmacvicar/libvirt\"]",
      "instances": [
        {
          "index_key": "rke2-agent-1",
          "schema_version": 0,
          "attributes": {
            "base_volume_id": "/var/lib/libvirt/images/ubuntu-base.qcow2",
            "base_volume_name": null,
            "base_volume_pool": null,
            "format": "qcow2",
            "id": "/var/lib/libvirt/images/rke2-agent-1.qcow2",
            "name": "rke2-agent-1.qcow2",
            "pool": "default",
            "size": 64424509440,
            "source": null,
            "xml": []
          },
          "sensitive_attributes": [],
          "private": "bnVsbA==",
          "dependencies": [
            "libvirt_volume.os_base"
          ]
        },
        {
          "index_key": "rke2-agent-2",
          "schema_version": 0,
          "attributes": {
            "base_volume_id": "/var/lib/libvirt/images/ubuntu-base.qcow2",
            "base_volume_name": null,
            "base_volume_pool": null,
            "format": "qcow2",
            "id": "/var/lib/libvirt/images/rke2-agent-2.qcow2",
            "name": "rke2-agent-2.qcow2",
            "pool": "default",
            "size": 64424509440,
            "source": null,
            "xml": []
          },
          "sensitive_attributes": [],
          "private": "bnVsbA==",
          "dependencies": [
            "libvirt_volume.os_base"
          ]
        },
        {
          "index_key": "rke2-server-1",
          "schema_version": 0,
          "attributes": {
            "base_volume_id": "/var/lib/libvirt/images/ubuntu-base.qcow2",
            "base_volume_name": null,
            "base_volume_pool": null,
            "format": "qcow2",
            "id": "/var/lib/libvirt/images/rke2-server-1.qcow2",
            "name": "rke2-server-1.qcow2",
            "pool": "default",
            "size": 42949672960,
            "source": null,
            "xml": []
          },
          "sensitive_attributes": [],
          "private": "bnVsbA==",
          "dependencies": [
            "libvirt_volume.os_base"
          ]
        }
      ]
    },
    {
      "mode": "managed",
      "type": "libvirt_volume",
      "name": "os_base",
      "provider": "provider[\"registry.terraform.io/dmacvicar/libvirt\"]",
      "instances": [
        {
          "schema_version": 0,
          "attributes": {
            "base_volume_id": null,
            "base_volume_name": null,
            "base_volume_pool": null,
            "format": "qcow2",
            "id": "/var/lib/libvirt/images/ubuntu-base.qcow2",
            "name": "ubuntu-base.qcow2",
            "pool": "default",
            "size": 3758096384,
            "source": "https://cloud-images.ubuntu.com/noble/current/noble-server-cloudimg-amd64.img",
            "xml": []
          },
          "sensitive_attributes": [],
          "private": "bnVsbA=="
        }
      ]
    }
  ],
  "check_results": null
}
